
Microsoft Visual Studio Solution File, Format Version 12.00
# Visual Studio Version 17
VisualStudioVersion = 17.13.35825.156 d17.13
MinimumVisualStudioVersion = 10.0.40219.1
Project("{FAE04EC0-301F-11D3-BF4B-00C04F79EFBC}") = "tugas class taxi", "tugas class taxi.csproj", "{985CA2B3-EB57-4792-A071-C3AADD8102EB}"
EndProject
Global
	GlobalSection(SolutionConfigurationPlatforms) = preSolution
		Debug|Any CPU = Debug|Any CPU
		Release|Any CPU = Release|Any CPU
	EndGlobalSection
	GlobalSection(ProjectConfigurationPlatforms) = postSolution
		{985CA2B3-EB57-4792-A071-C3AADD8102EB}.Debug|Any CPU.ActiveCfg = Debug|Any CPU
		{985CA2B3-EB57-4792-A071-C3AADD8102EB}.Debug|Any CPU.Build.0 = Debug|Any CPU
		{985CA2B3-EB57-4792-A071-C3AADD8102EB}.Release|Any CPU.ActiveCfg = Release|Any CPU
		{985CA2B3-EB57-4792-A071-C3AADD8102EB}.Release|Any CPU.Build.0 = Release|Any CPU
	EndGlobalSection
	GlobalSection(SolutionProperties) = preSolution
		HideSolutionNode = FALSE
	EndGlobalSection
	GlobalSection(ExtensibilityGlobals) = postSolution
		SolutionGuid = {36B714BB-14F5-4E0E-B094-68C8EF447C9A}
	EndGlobalSection
EndGlobal
